
Microsoft Visual Studio Solution File, Format Version 12.00
# Visual Studio Version 17
VisualStudioVersion = 17.4.33213.308
MinimumVisualStudioVersion = 10.0.40219.1
Project("{FAE04EC0-301F-11D3-BF4B-00C04F79EFBC}") = "GEtudiants_Web_App", "GEtudiants_Web_App.csproj", "{EC7CDD68-AD76-40A8-AC13-FFAD2BE00165}"
EndProject
Global
	GlobalSection(SolutionConfigurationPlatforms) = preSolution
		Debug|Any CPU = Debug|Any CPU
		Release|Any CPU = Release|Any CPU
	EndGlobalSection
	GlobalSection(ProjectConfigurationPlatforms) = postSolution
		{EC7CDD68-AD76-40A8-AC13-FFAD2BE00165}.Debug|Any CPU.ActiveCfg = Debug|Any CPU
		{EC7CDD68-AD76-40A8-AC13-FFAD2BE00165}.Debug|Any CPU.Build.0 = Debug|Any CPU
		{EC7CDD68-AD76-40A8-AC13-FFAD2BE00165}.Release|Any CPU.ActiveCfg = Release|Any CPU
		{EC7CDD68-AD76-40A8-AC13-FFAD2BE00165}.Release|Any CPU.Build.0 = Release|Any CPU
	EndGlobalSection
	GlobalSection(SolutionProperties) = preSolution
		HideSolutionNode = FALSE
	EndGlobalSection
	GlobalSection(ExtensibilityGlobals) = postSolution
		SolutionGuid = {573EE075-1A02-442A-9910-993AD3E002D9}
	EndGlobalSection
EndGlobal
